
Microsoft Visual Studio Solution File, Format Version 12.00
# Visual Studio Version 16
VisualStudioVersion = 16.0.30804.86
MinimumVisualStudioVersion = 10.0.40219.1
Project("{FAE04EC0-301F-11D3-BF4B-00C04F79EFBC}") = "Whiteboard1", "Whiteboard1\Whiteboard1.csproj", "{C92A4FAD-CE27-4C31-9760-4B898A9C5518}"
EndProject
Project("{FAE04EC0-301F-11D3-BF4B-00C04F79EFBC}") = "IsOdd", "IsOdd\IsOdd.csproj", "{A79C3FAA-C1E1-4678-A24D-5377DF5DF155}"
EndProject
Project("{FAE04EC0-301F-11D3-BF4B-00C04F79EFBC}") = "AreaOfCircle", "AreaOfCircle\AreaOfCircle.csproj", "{7E184AB3-2890-4866-905F-1A7AA861E9E6}"
EndProject
Global
	GlobalSection(SolutionConfigurationPlatforms) = preSolution
		Debug|Any CPU = Debug|Any CPU
		Release|Any CPU = Release|Any CPU
	EndGlobalSection
	GlobalSection(ProjectConfigurationPlatforms) = postSolution
		{C92A4FAD-CE27-4C31-9760-4B898A9C5518}.Debug|Any CPU.ActiveCfg = Debug|Any CPU
		{C92A4FAD-CE27-4C31-9760-4B898A9C5518}.Debug|Any CPU.Build.0 = Debug|Any CPU
		{C92A4FAD-CE27-4C31-9760-4B898A9C5518}.Release|Any CPU.ActiveCfg = Release|Any CPU
		{C92A4FAD-CE27-4C31-9760-4B898A9C5518}.Release|Any CPU.Build.0 = Release|Any CPU
		{A79C3FAA-C1E1-4678-A24D-5377DF5DF155}.Debug|Any CPU.ActiveCfg = Debug|Any CPU
		{A79C3FAA-C1E1-4678-A24D-5377DF5DF155}.Debug|Any CPU.Build.0 = Debug|Any CPU
		{A79C3FAA-C1E1-4678-A24D-5377DF5DF155}.Release|Any CPU.ActiveCfg = Release|Any CPU
		{A79C3FAA-C1E1-4678-A24D-5377DF5DF155}.Release|Any CPU.Build.0 = Release|Any CPU
		{7E184AB3-2890-4866-905F-1A7AA861E9E6}.Debug|Any CPU.ActiveCfg = Debug|Any CPU
		{7E184AB3-2890-4866-905F-1A7AA861E9E6}.Debug|Any CPU.Build.0 = Debug|Any CPU
		{7E184AB3-2890-4866-905F-1A7AA861E9E6}.Release|Any CPU.ActiveCfg = Release|Any CPU
		{7E184AB3-2890-4866-905F-1A7AA861E9E6}.Release|Any CPU.Build.0 = Release|Any CPU
	EndGlobalSection
	GlobalSection(SolutionProperties) = preSolution
		HideSolutionNode = FALSE
	EndGlobalSection
	GlobalSection(ExtensibilityGlobals) = postSolution
		SolutionGuid = {2691B79C-C4AC-41F5-A601-A7EB405E0C49}
	EndGlobalSection
EndGlobal
